
Microsoft Visual Studio Solution File, Format Version 12.00
# Visual Studio Version 17
VisualStudioVersion = 17.11.35327.3
MinimumVisualStudioVersion = 10.0.40219.1
Project("{FAE04EC0-301F-11D3-BF4B-00C04F79EFBC}") = "Sample_two", "Sample_two\Sample_two.csproj", "{8FDC0952-919B-4A91-A50F-B06A829BDFF9}"
EndProject
Global
	GlobalSection(SolutionConfigurationPlatforms) = preSolution
		Debug|Any CPU = Debug|Any CPU
		Release|Any CPU = Release|Any CPU
	EndGlobalSection
	GlobalSection(ProjectConfigurationPlatforms) = postSolution
		{8FDC0952-919B-4A91-A50F-B06A829BDFF9}.Debug|Any CPU.ActiveCfg = Debug|Any CPU
		{8FDC0952-919B-4A91-A50F-B06A829BDFF9}.Debug|Any CPU.Build.0 = Debug|Any CPU
		{8FDC0952-919B-4A91-A50F-B06A829BDFF9}.Release|Any CPU.ActiveCfg = Release|Any CPU
		{8FDC0952-919B-4A91-A50F-B06A829BDFF9}.Release|Any CPU.Build.0 = Release|Any CPU
	EndGlobalSection
	GlobalSection(SolutionProperties) = preSolution
		HideSolutionNode = FALSE
	EndGlobalSection
	GlobalSection(ExtensibilityGlobals) = postSolution
		SolutionGuid = {F77B2699-B0C6-4C70-9A94-64CDA3D2F290}
	EndGlobalSection
EndGlobal
